// !$*UTF8*$!
{
	archiveVersion = 1;
	classes = {
	};
	objectVersion = 77;
	objects = {

/* Begin PBXContainerItemProxy section */
		A7BC75252D63B47300F562E7 /* PBXContainerItemProxy */ = {
			isa = PBXContainerItemProxy;
			containerPortal = A7BC75032D63B46F00F562E7 /* Project object */;
			proxyType = 1;
			remoteGlobalIDString = A7BC750A2D63B46F00F562E7;
			remoteInfo = OnyxDelivery;
		};
		A7BC752F2D63B47300F562E7 /* PBXContainerItemProxy */ = {
			isa = PBXContainerItemProxy;
			containerPortal = A7BC75032D63B46F00F562E7 /* Project object */;
			proxyType = 1;
			remoteGlobalIDString = A7BC750A2D63B46F00F562E7;
			remoteInfo = OnyxDelivery;
		};
/* End PBXContainerItemProxy section */

/* Begin PBXFileReference section */
		A7BC750B2D63B46F00F562E7 /* OnyxDelivery.app */ = {isa = PBXFileReference; explicitFileType = wrapper.application; includeInIndex = 0; path = OnyxDelivery.app; sourceTree = BUILT_PRODUCTS_DIR; };
		A7BC75242D63B47300F562E7 /* OnyxDeliveryTests.xctest */ = {isa = PBXFileReference; explicitFileType = wrapper.cfbundle; includeInIndex = 0; path = OnyxDeliveryTests.xctest; sourceTree = BUILT_PRODUCTS_DIR; };
		A7BC752E2D63B47300F562E7 /* OnyxDeliveryUITests.xctest */ = {isa = PBXFileReference; explicitFileType = wrapper.cfbundle; includeInIndex = 0; path = OnyxDeliveryUITests.xctest; sourceTree = BUILT_PRODUCTS_DIR; };
/* End PBXFileReference section */

/* Begin PBXFileSystemSynchronizedBuildFileExceptionSet section */
		A7BC75362D63B47300F562E7 /* Exceptions for "OnyxDelivery" folder in "OnyxDelivery" target */ = {
			isa = PBXFileSystemSynchronizedBuildFileExceptionSet;
			membershipExceptions = (
				Info.plist,
			);
			target = A7BC750A2D63B46F00F562E7 /* OnyxDelivery */;
		};
/* End PBXFileSystemSynchronizedBuildFileExceptionSet section */

/* Begin PBXFileSystemSynchronizedRootGroup section */
		A7BC750D2D63B46F00F562E7 /* OnyxDelivery */ = {
			isa = PBXFileSystemSynchronizedRootGroup;
			exceptions = (
				A7BC75362D63B47300F562E7 /* Exceptions for "OnyxDelivery" folder in "OnyxDelivery" target */,
			);
			path = OnyxDelivery;
			sourceTree = "<group>";
		};
		A7BC75272D63B47300F562E7 /* OnyxDeliveryTests */ = {
			isa = PBXFileSystemSynchronizedRootGroup;
			path = OnyxDeliveryTests;
			sourceTree = "<group>";
		};
		A7BC75312D63B47300F562E7 /* OnyxDeliveryUITests */ = {
			isa = PBXFileSystemSynchronizedRootGroup;
			path = OnyxDeliveryUITests;
			sourceTree = "<group>";
		};
/* End PBXFileSystemSynchronizedRootGroup section */

/* Begin PBXFrameworksBuildPhase section */
		A7BC75082D63B46F00F562E7 /* Frameworks */ = {
			isa = PBXFrameworksBuildPhase;
			buildActionMask = 2147483647;
			files = (
			);
			runOnlyForDeploymentPostprocessing = 0;
		};
		A7BC75212D63B47300F562E7 /* Frameworks */ = {
			isa = PBXFrameworksBuildPhase;
			buildActionMask = 2147483647;
			files = (
			);
			runOnlyForDeploymentPostprocessing = 0;
		};
		A7BC752B2D63B47300F562E7 /* Frameworks */ = {
			isa = PBXFrameworksBuildPhase;
			buildActionMask = 2147483647;
			files = (
			);
			runOnlyForDeploymentPostprocessing = 0;
		};
/* End PBXFrameworksBuildPhase section */

/* Begin PBXGroup section */
		A7BC75022D63B46F00F562E7 = {
			isa = PBXGroup;
			children = (
				A7BC750D2D63B46F00F562E7 /* OnyxDelivery */,
				A7BC75272D63B47300F562E7 /* OnyxDeliveryTests */,
				A7BC75312D63B47300F562E7 /* OnyxDeliveryUITests */,
				A7BC750C2D63B46F00F562E7 /* Products */,
			);
			sourceTree = "<group>";
		};
		A7BC750C2D63B46F00F562E7 /* Products */ = {
			isa = PBXGroup;
			children = (
				A7BC750B2D63B46F00F562E7 /* OnyxDelivery.app */,
				A7BC75242D63B47300F562E7 /* OnyxDeliveryTests.xctest */,
				A7BC752E2D63B47300F562E7 /* OnyxDeliveryUITests.xctest */,
			);
			name = Products;
			sourceTree = "<group>";
		};
/* End PBXGroup section */

/* Begin PBXNativeTarget section */
		A7BC750A2D63B46F00F562E7 /* OnyxDelivery */ = {
			isa = PBXNativeTarget;
			buildConfigurationList = A7BC75372D63B47300F562E7 /* Build configuration list for PBXNativeTarget "OnyxDelivery" */;
			buildPhases = (
				A7BC75072D63B46F00F562E7 /* Sources */,
				A7BC75082D63B46F00F562E7 /* Frameworks */,
				A7BC75092D63B46F00F562E7 /* Resources */,
			);
			buildRules = (
			);
			dependencies = (
			);
			fileSystemSynchronizedGroups = (
				A7BC750D2D63B46F00F562E7 /* OnyxDelivery */,
			);
			name = OnyxDelivery;
			packageProductDependencies = (
			);
			productName = OnyxDelivery;
			productReference = A7BC750B2D63B46F00F562E7 /* OnyxDelivery.app */;
			productType = "com.apple.product-type.application";
		};
		A7BC75232D63B47300F562E7 /* OnyxDeliveryTests */ = {
			isa = PBXNativeTarget;
			buildConfigurationList = A7BC753C2D63B47300F562E7 /* Build configuration list for PBXNativeTarget "OnyxDeliveryTests" */;
			buildPhases = (
				A7BC75202D63B47300F562E7 /* Sources */,
				A7BC75212D63B47300F562E7 /* Frameworks */,
				A7BC75222D63B47300F562E7 /* Resources */,
			);
			buildRules = (
			);
			dependencies = (
				A7BC75262D63B47300F562E7 /* PBXTargetDependency */,
			);
			fileSystemSynchronizedGroups = (
				A7BC75272D63B47300F562E7 /* OnyxDeliveryTests */,
			);
			name = OnyxDeliveryTests;
			packageProductDependencies = (
			);
			productName = OnyxDeliveryTests;
			productReference = A7BC75242D63B47300F562E7 /* OnyxDeliveryTests.xctest */;
			productType = "com.apple.product-type.bundle.unit-test";
		};
		A7BC752D2D63B47300F562E7 /* OnyxDeliveryUITests */ = {
			isa = PBXNativeTarget;
			buildConfigurationList = A7BC753F2D63B47300F562E7 /* Build configuration list for PBXNativeTarget "OnyxDeliveryUITests" */;
			buildPhases = (
				A7BC752A2D63B47300F562E7 /* Sources */,
				A7BC752B2D63B47300F562E7 /* Frameworks */,
				A7BC752C2D63B47300F562E7 /* Resources */,
			);
			buildRules = (
			);
			dependencies = (
				A7BC75302D63B47300F562E7 /* PBXTargetDependency */,
			);
			fileSystemSynchronizedGroups = (
				A7BC75312D63B47300F562E7 /* OnyxDeliveryUITests */,
			);
			name = OnyxDeliveryUITests;
			packageProductDependencies = (
			);
			productName = OnyxDeliveryUITests;
			productReference = A7BC752E2D63B47300F562E7 /* OnyxDeliveryUITests.xctest */;
			productType = "com.apple.product-type.bundle.ui-testing";
		};
/* End PBXNativeTarget section */

/* Begin PBXProject section */
		A7BC75032D63B46F00F562E7 /* Project object */ = {
			isa = PBXProject;
			attributes = {
				BuildIndependentTargetsInParallel = 1;
				LastSwiftUpdateCheck = 1620;
				LastUpgradeCheck = 1620;
				TargetAttributes = {
					A7BC750A2D63B46F00F562E7 = {
						CreatedOnToolsVersion = 16.2;
					};
					A7BC75232D63B47300F562E7 = {
						CreatedOnToolsVersion = 16.2;
						TestTargetID = A7BC750A2D63B46F00F562E7;
					};
					A7BC752D2D63B47300F562E7 = {
						CreatedOnToolsVersion = 16.2;
						TestTargetID = A7BC750A2D63B46F00F562E7;
					};
				};
			};
			buildConfigurationList = A7BC75062D63B46F00F562E7 /* Build configuration list for PBXProject "OnyxDelivery" */;
			developmentRegion = en;
			hasScannedForEncodings = 0;
			knownRegions = (
				en,
				Base,
			);
			mainGroup = A7BC75022D63B46F00F562E7;
			minimizedProjectReferenceProxies = 1;
			preferredProjectObjectVersion = 77;
			productRefGroup = A7BC750C2D63B46F00F562E7 /* Products */;
			projectDirPath = "";
			projectRoot = "";
			targets = (
				A7BC750A2D63B46F00F562E7 /* OnyxDelivery */,
				A7BC75232D63B47300F562E7 /* OnyxDeliveryTests */,
				A7BC752D2D63B47300F562E7 /* OnyxDeliveryUITests */,
			);
		};
/* End PBXProject section */

/* Begin PBXResourcesBuildPhase section */
		A7BC75092D63B46F00F562E7 /* Resources */ = {
			isa = PBXResourcesBuildPhase;
			buildActionMask = 2147483647;
			files = (
			);
			runOnlyForDeploymentPostprocessing = 0;
		};
		A7BC75222D63B47300F562E7 /* Resources */ = {
			isa = PBXResourcesBuildPhase;
			buildActionMask = 2147483647;
			files = (
			);
			runOnlyForDeploymentPostprocessing = 0;
		};
		A7BC752C2D63B47300F562E7 /* Resources */ = {
			isa = PBXResourcesBuildPhase;
			buildActionMask = 2147483647;
			files = (
			);
			runOnlyForDeploymentPostprocessing = 0;
		};
/* End PBXResourcesBuildPhase section */

/* Begin PBXSourcesBuildPhase section */
		A7BC75072D63B46F00F562E7 /* Sources */ = {
			isa = PBXSourcesBuildPhase;
			buildActionMask = 2147483647;
			files = (
			);
			runOnlyForDeploymentPostprocessing = 0;
		};
		A7BC75202D63B47300F562E7 /* Sources */ = {
			isa = PBXSourcesBuildPhase;
			buildActionMask = 2147483647;
			files = (
			);
			runOnlyForDeploymentPostprocessing = 0;
		};
		A7BC752A2D63B47300F562E7 /* Sources */ = {
			isa = PBXSourcesBuildPhase;
			buildActionMask = 2147483647;
			files = (
			);
			runOnlyForDeploymentPostprocessing = 0;
		};
/* End PBXSourcesBuildPhase section */

/* Begin PBXTargetDependency section */
		A7BC75262D63B47300F562E7 /* PBXTargetDependency */ = {
			isa = PBXTargetDependency;
			target = A7BC750A2D63B46F00F562E7 /* OnyxDelivery */;
			targetProxy = A7BC75252D63B47300F562E7 /* PBXContainerItemProxy */;
		};
		A7BC75302D63B47300F562E7 /* PBXTargetDependency */ = {
			isa = PBXTargetDependency;
			target = A7BC750A2D63B46F00F562E7 /* OnyxDelivery */;
			targetProxy = A7BC752F2D63B47300F562E7 /* PBXContainerItemProxy */;
		};
/* End PBXTargetDependency section */

/* Begin XCBuildConfiguration section */
		A7BC75382D63B47300F562E7 /* Debug */ = {
			isa = XCBuildConfiguration;
			buildSettings = {
				ASSETCATALOG_COMPILER_APPICON_NAME = AppIcon;
				ASSETCATALOG_COMPILER_GLOBAL_ACCENT_COLOR_NAME = AccentColor;
				CODE_SIGN_STYLE = Automatic;
				CURRENT_PROJECT_VERSION = 1;
				GENERATE_INFOPLIST_FILE = YES;
				INFOPLIST_FILE = OnyxDelivery/Info.plist;
				INFOPLIST_KEY_UIApplicationSupportsIndirectInputEvents = YES;
				INFOPLIST_KEY_UILaunchStoryboardName = LaunchScreen;
				INFOPLIST_KEY_UIMainStoryboardFile = Main;
				INFOPLIST_KEY_UISupportedInterfaceOrientations_iPad = "UIInterfaceOrientationPortrait UIInterfaceOrientationPortraitUpsideDown UIInterfaceOrientationLandscapeLeft UIInterfaceOrientationLandscapeRight";
				INFOPLIST_KEY_UISupportedInterfaceOrientations_iPhone = "UIInterfaceOrientationPortrait UIInterfaceOrientationLandscapeLeft UIInterfaceOrientationLandscapeRight";
				LD_RUNPATH_SEARCH_PATHS = (
					"$(inherited)",
					"@executable_path/Frameworks",
				);
				MARKETING_VERSION = 1.0;
				PRODUCT_BUNDLE_IDENTIFIER = com.bnmohsen.OnyxDelivery;
				PRODUCT_NAME = "$(TARGET_NAME)";
				SWIFT_EMIT_LOC_STRINGS = YES;
				SWIFT_VERSION = 5.0;
				TARGETED_DEVICE_FAMILY = "1,2";
			};
			name = Debug;
		};
		A7BC75392D63B47300F562E7 /* Release */ = {
			isa = XCBuildConfiguration;
			buildSettings = {
				ASSETCATALOG_COMPILER_APPICON_NAME = AppIcon;
				ASSETCATALOG_COMPILER_GLOBAL_ACCENT_COLOR_NAME = AccentColor;
				CODE_SIGN_STYLE = Automatic;
				CURRENT_PROJECT_VERSION = 1;
				GENERATE_INFOPLIST_FILE = YES;
				INFOPLIST_FILE = OnyxDelivery/Info.plist;
				INFOPLIST_KEY_UIApplicationSupportsIndirectInputEvents = YES;
				INFOPLIST_KEY_UILaunchStoryboardName = LaunchScreen;
				INFOPLIST_KEY_UIMainStoryboardFile = Main;
				INFOPLIST_KEY_UISupportedInterfaceOrientations_iPad = "UIInterfaceOrientationPortrait UIInterfaceOrientationPortraitUpsideDown UIInterfaceOrientationLandscapeLeft UIInterfaceOrientationLandscapeRight";
				INFOPLIST_KEY_UISupportedInterfaceOrientations_iPhone = "UIInterfaceOrientationPortrait UIInterfaceOrientationLandscapeLeft UIInterfaceOrientationLandscapeRight";
				LD_RUNPATH_SEARCH_PATHS = (
					"$(inherited)",
					"@executable_path/Frameworks",
				);
				MARKETING_VERSION = 1.0;
				PRODUCT_BUNDLE_IDENTIFIER = com.bnmohsen.OnyxDelivery;
				PRODUCT_NAME = "$(TARGET_NAME)";
				SWIFT_EMIT_LOC_STRINGS = YES;
				SWIFT_VERSION = 5.0;
				TARGETED_DEVICE_FAMILY = "1,2";
			};
			name = Release;
		};
		A7BC753A2D63B47300F562E7 /* Debug */ = {
			isa = XCBuildConfiguration;
			buildSettings = {
				ALWAYS_SEARCH_USER_PATHS = NO;
				ASSETCATALOG_COMPILER_GENERATE_SWIFT_ASSET_SYMBOL_EXTENSIONS = YES;
				CLANG_ANALYZER_NONNULL = YES;
				CLANG_ANALYZER_NUMBER_OBJECT_CONVERSION = YES_AGGRESSIVE;
				CLANG_CXX_LANGUAGE_STANDARD = "gnu++20";
				CLANG_ENABLE_MODULES = YES;
				CLANG_ENABLE_OBJC_ARC = YES;
				CLANG_ENABLE_OBJC_WEAK = YES;
				CLANG_WARN_BLOCK_CAPTURE_AUTORELEASING = YES;
				CLANG_WARN_BOOL_CONVERSION = YES;
				CLANG_WARN_COMMA = YES;
				CLANG_WARN_CONSTANT_CONVERSION = YES;
				CLANG_WARN_DEPRECATED_OBJC_IMPLEMENTATIONS = YES;
				CLANG_WARN_DIRECT_OBJC_ISA_USAGE = YES_ERROR;
				CLANG_WARN_DOCUMENTATION_COMMENTS = YES;
				CLANG_WARN_EMPTY_BODY = YES;
				CLANG_WARN_ENUM_CONVERSION = YES;
				CLANG_WARN_INFINITE_RECURSION = YES;
				CLANG_WARN_INT_CONVERSION = YES;
				CLANG_WARN_NON_LITERAL_NULL_CONVERSION = YES;
				CLANG_WARN_OBJC_IMPLICIT_RETAIN_SELF = YES;
				CLANG_WARN_OBJC_LITERAL_CONVERSION = YES;
				CLANG_WARN_OBJC_ROOT_CLASS = YES_ERROR;
				CLANG_WARN_QUOTED_INCLUDE_IN_FRAMEWORK_HEADER = YES;
				CLANG_WARN_RANGE_LOOP_ANALYSIS = YES;
				CLANG_WARN_STRICT_PROTOTYPES = YES;
				CLANG_WARN_SUSPICIOUS_MOVE = YES;
				CLANG_WARN_UNGUARDED_AVAILABILITY = YES_AGGRESSIVE;
				CLANG_WARN_UNREACHABLE_CODE = YES;
				CLANG_WARN__DUPLICATE_METHOD_MATCH = YES;
				COPY_PHASE_STRIP = NO;
				DEBUG_INFORMATION_FORMAT = dwarf;
				ENABLE_STRICT_OBJC_MSGSEND = YES;
				ENABLE_TESTABILITY = YES;
				ENABLE_USER_SCRIPT_SANDBOXING = YES;
				GCC_C_LANGUAGE_STANDARD = gnu17;
				GCC_DYNAMIC_NO_PIC = NO;
				GCC_NO_COMMON_BLOCKS = YES;
				GCC_OPTIMIZATION_LEVEL = 0;
				GCC_PREPROCESSOR_DEFINITIONS = (
					"DEBUG=1",
					"$(inherited)",
				);
				GCC_WARN_64_TO_32_BIT_CONVERSION = YES;
				GCC_WARN_ABOUT_RETURN_TYPE = YES_ERROR;
				GCC_WARN_UNDECLARED_SELECTOR = YES;
				GCC_WARN_UNINITIALIZED_AUTOS = YES_AGGRESSIVE;
				GCC_WARN_UNUSED_FUNCTION = YES;
				GCC_WARN_UNUSED_VARIABLE = YES;
				IPHONEOS_DEPLOYMENT_TARGET = 18.2;
				LOCALIZATION_PREFERS_STRING_CATALOGS = YES;
				MTL_ENABLE_DEBUG_INFO = INCLUDE_SOURCE;
				MTL_FAST_MATH = YES;
				ONLY_ACTIVE_ARCH = YES;
				SDKROOT = iphoneos;
				SWIFT_ACTIVE_COMPILATION_CONDITIONS = "DEBUG $(inherited)";
				SWIFT_OPTIMIZATION_LEVEL = "-Onone";
			};
			name = Debug;
		};
		A7BC753B2D63B47300F562E7 /* Release */ = {
			isa = XCBuildConfiguration;
			buildSettings = {
				ALWAYS_SEARCH_USER_PATHS = NO;
				ASSETCATALOG_COMPILER_GENERATE_SWIFT_ASSET_SYMBOL_EXTENSIONS = YES;
				CLANG_ANALYZER_NONNULL = YES;
				CLANG_ANALYZER_NUMBER_OBJECT_CONVERSION = YES_AGGRESSIVE;
				CLANG_CXX_LANGUAGE_STANDARD = "gnu++20";
				CLANG_ENABLE_MODULES = YES;
				CLANG_ENABLE_OBJC_ARC = YES;
				CLANG_ENABLE_OBJC_WEAK = YES;
				CLANG_WARN_BLOCK_CAPTURE_AUTORELEASING = YES;
				CLANG_WARN_BOOL_CONVERSION = YES;
				CLANG_WARN_COMMA = YES;
				CLANG_WARN_CONSTANT_CONVERSION = YES;
				CLANG_WARN_DEPRECATED_OBJC_IMPLEMENTATIONS = YES;
				CLANG_WARN_DIRECT_OBJC_ISA_USAGE = YES_ERROR;
				CLANG_WARN_DOCUMENTATION_COMMENTS = YES;
				CLANG_WARN_EMPTY_BODY = YES;
				CLANG_WARN_ENUM_CONVERSION = YES;
				CLANG_WARN_INFINITE_RECURSION = YES;
				CLANG_WARN_INT_CONVERSION = YES;
				CLANG_WARN_NON_LITERAL_NULL_CONVERSION = YES;
				CLANG_WARN_OBJC_IMPLICIT_RETAIN_SELF = YES;
				CLANG_WARN_OBJC_LITERAL_CONVERSION = YES;
				CLANG_WARN_OBJC_ROOT_CLASS = YES_ERROR;
				CLANG_WARN_QUOTED_INCLUDE_IN_FRAMEWORK_HEADER = YES;
				CLANG_WARN_RANGE_LOOP_ANALYSIS = YES;
				CLANG_WARN_STRICT_PROTOTYPES = YES;
				CLANG_WARN_SUSPICIOUS_MOVE = YES;
				CLANG_WARN_UNGUARDED_AVAILABILITY = YES_AGGRESSIVE;
				CLANG_WARN_UNREACHABLE_CODE = YES;
				CLANG_WARN__DUPLICATE_METHOD_MATCH = YES;
				COPY_PHASE_STRIP = NO;
				DEBUG_INFORMATION_FORMAT = "dwarf-with-dsym";
				ENABLE_NS_ASSERTIONS = NO;
				ENABLE_STRICT_OBJC_MSGSEND = YES;
				ENABLE_USER_SCRIPT_SANDBOXING = YES;
				GCC_C_LANGUAGE_STANDARD = gnu17;
				GCC_NO_COMMON_BLOCKS = YES;
				GCC_WARN_64_TO_32_BIT_CONVERSION = YES;
				GCC_WARN_ABOUT_RETURN_TYPE = YES_ERROR;
				GCC_WARN_UNDECLARED_SELECTOR = YES;
				GCC_WARN_UNINITIALIZED_AUTOS = YES_AGGRESSIVE;
				GCC_WARN_UNUSED_FUNCTION = YES;
				GCC_WARN_UNUSED_VARIABLE = YES;
				IPHONEOS_DEPLOYMENT_TARGET = 18.2;
				LOCALIZATION_PREFERS_STRING_CATALOGS = YES;
				MTL_ENABLE_DEBUG_INFO = NO;
				MTL_FAST_MATH = YES;
				SDKROOT = iphoneos;
				SWIFT_COMPILATION_MODE = wholemodule;
				VALIDATE_PRODUCT = YES;
			};
			name = Release;
		};
		A7BC753D2D63B47300F562E7 /* Debug */ = {
			isa = XCBuildConfiguration;
			buildSettings = {
				BUNDLE_LOADER = "$(TEST_HOST)";
				CODE_SIGN_STYLE = Automatic;
				CURRENT_PROJECT_VERSION = 1;
				GENERATE_INFOPLIST_FILE = YES;
				IPHONEOS_DEPLOYMENT_TARGET = 18.2;
				MARKETING_VERSION = 1.0;
				PRODUCT_BUNDLE_IDENTIFIER = com.bnmohsen.OnyxDeliveryTests;
				PRODUCT_NAME = "$(TARGET_NAME)";
				SWIFT_EMIT_LOC_STRINGS = NO;
				SWIFT_VERSION = 5.0;
				TARGETED_DEVICE_FAMILY = "1,2";
				TEST_HOST = "$(BUILT_PRODUCTS_DIR)/OnyxDelivery.app/$(BUNDLE_EXECUTABLE_FOLDER_PATH)/OnyxDelivery";
			};
			name = Debug;
		};
		A7BC753E2D63B47300F562E7 /* Release */ = {
			isa = XCBuildConfiguration;
			buildSettings = {
				BUNDLE_LOADER = "$(TEST_HOST)";
				CODE_SIGN_STYLE = Automatic;
				CURRENT_PROJECT_VERSION = 1;
				GENERATE_INFOPLIST_FILE = YES;
				IPHONEOS_DEPLOYMENT_TARGET = 18.2;
				MARKETING_VERSION = 1.0;
				PRODUCT_BUNDLE_IDENTIFIER = com.bnmohsen.OnyxDeliveryTests;
				PRODUCT_NAME = "$(TARGET_NAME)";
				SWIFT_EMIT_LOC_STRINGS = NO;
				SWIFT_VERSION = 5.0;
				TARGETED_DEVICE_FAMILY = "1,2";
				TEST_HOST = "$(BUILT_PRODUCTS_DIR)/OnyxDelivery.app/$(BUNDLE_EXECUTABLE_FOLDER_PATH)/OnyxDelivery";
			};
			name = Release;
		};
		A7BC75402D63B47300F562E7 /* Debug */ = {
			isa = XCBuildConfiguration;
			buildSettings = {
				CODE_SIGN_STYLE = Automatic;
				CURRENT_PROJECT_VERSION = 1;
				GENERATE_INFOPLIST_FILE = YES;
				MARKETING_VERSION = 1.0;
				PRODUCT_BUNDLE_IDENTIFIER = com.bnmohsen.OnyxDeliveryUITests;
				PRODUCT_NAME = "$(TARGET_NAME)";
				SWIFT_EMIT_LOC_STRINGS = NO;
				SWIFT_VERSION = 5.0;
				TARGETED_DEVICE_FAMILY = "1,2";
				TEST_TARGET_NAME = OnyxDelivery;
			};
			name = Debug;
		};
		A7BC75412D63B47300F562E7 /* Release */ = {
			isa = XCBuildConfiguration;
			buildSettings = {
				CODE_SIGN_STYLE = Automatic;
				CURRENT_PROJECT_VERSION = 1;
				GENERATE_INFOPLIST_FILE = YES;
				MARKETING_VERSION = 1.0;
				PRODUCT_BUNDLE_IDENTIFIER = com.bnmohsen.OnyxDeliveryUITests;
				PRODUCT_NAME = "$(TARGET_NAME)";
				SWIFT_EMIT_LOC_STRINGS = NO;
				SWIFT_VERSION = 5.0;
				TARGETED_DEVICE_FAMILY = "1,2";
				TEST_TARGET_NAME = OnyxDelivery;
			};
			name = Release;
		};
/* End XCBuildConfiguration section */

/* Begin XCConfigurationList section */
		A7BC75062D63B46F00F562E7 /* Build configuration list for PBXProject "OnyxDelivery" */ = {
			isa = XCConfigurationList;
			buildConfigurations = (
				A7BC753A2D63B47300F562E7 /* Debug */,
				A7BC753B2D63B47300F562E7 /* Release */,
			);
			defaultConfigurationIsVisible = 0;
			defaultConfigurationName = Release;
		};
		A7BC75372D63B47300F562E7 /* Build configuration list for PBXNativeTarget "OnyxDelivery" */ = {
			isa = XCConfigurationList;
			buildConfigurations = (
				A7BC75382D63B47300F562E7 /* Debug */,
				A7BC75392D63B47300F562E7 /* Release */,
			);
			defaultConfigurationIsVisible = 0;
			defaultConfigurationName = Release;
		};
		A7BC753C2D63B47300F562E7 /* Build configuration list for PBXNativeTarget "OnyxDeliveryTests" */ = {
			isa = XCConfigurationList;
			buildConfigurations = (
				A7BC753D2D63B47300F562E7 /* Debug */,
				A7BC753E2D63B47300F562E7 /* Release */,
			);
			defaultConfigurationIsVisible = 0;
			defaultConfigurationName = Release;
		};
		A7BC753F2D63B47300F562E7 /* Build configuration list for PBXNativeTarget "OnyxDeliveryUITests" */ = {
			isa = XCConfigurationList;
			buildConfigurations = (
				A7BC75402D63B47300F562E7 /* Debug */,
				A7BC75412D63B47300F562E7 /* Release */,
			);
			defaultConfigurationIsVisible = 0;
			defaultConfigurationName = Release;
		};
/* End XCConfigurationList section */
	};
	rootObject = A7BC75032D63B46F00F562E7 /* Project object */;
}
